
Microsoft Visual Studio Solution File, Format Version 12.00
# Visual Studio Version 16
VisualStudioVersion = 16.0.31624.102
MinimumVisualStudioVersion = 10.0.40219.1
Project("{FAE04EC0-301F-11D3-BF4B-00C04F79EFBC}") = "Library Management System", "Library Management System\Library Management System.csproj", "{7C0BB5DA-8040-4B5E-92A6-8C44A3502C8A}"
EndProject
Global
	GlobalSection(SolutionConfigurationPlatforms) = preSolution
		Debug|Any CPU = Debug|Any CPU
		Release|Any CPU = Release|Any CPU
	EndGlobalSection
	GlobalSection(ProjectConfigurationPlatforms) = postSolution
		{7C0BB5DA-8040-4B5E-92A6-8C44A3502C8A}.Debug|Any CPU.ActiveCfg = Debug|Any CPU
		{7C0BB5DA-8040-4B5E-92A6-8C44A3502C8A}.Debug|Any CPU.Build.0 = Debug|Any CPU
		{7C0BB5DA-8040-4B5E-92A6-8C44A3502C8A}.Release|Any CPU.ActiveCfg = Release|Any CPU
		{7C0BB5DA-8040-4B5E-92A6-8C44A3502C8A}.Release|Any CPU.Build.0 = Release|Any CPU
	EndGlobalSection
	GlobalSection(SolutionProperties) = preSolution
		HideSolutionNode = FALSE
	EndGlobalSection
	GlobalSection(ExtensibilityGlobals) = postSolution
		SolutionGuid = {D15165CC-EF26-44CB-ABE3-DAE4CD5E45B2}
	EndGlobalSection
EndGlobal
